<Solution>
  <Folder Name="/Solution Items/">
    <File Path="README.md" />
  </Folder>
  <Project Path="Stage-4.csproj" />
  <Project Path="Stage_7.Application/Stage_7.Application.csproj" />
  <Project Path="Stage_7.Domain/Stage_7.Domain.csproj" />
  <Project Path="Stage_7.Infrastructure/Stage_7.Infrastructure.csproj" />
</Solution>
